// !$*UTF8*$!
{
	archiveVersion = 1;
	classes = {
	};
	objectVersion = 56;
	objects = {

/* Begin PBXBuildFile section */
		080A51762CED6FE900EEF898 /* GoogleService-Info.plist in Resources */ = {isa = PBXBuildFile; fileRef = 080A51752CED6FE900EEF898 /* GoogleService-Info.plist */; };
		080A51782CED702A00EEF898 /* InduoAuth.swift in Sources */ = {isa = PBXBuildFile; fileRef = 080A51772CED702A00EEF898 /* InduoAuth.swift */; };
		080A517B2CED74E000EEF898 /* induoAppDelegate.swift in Sources */ = {isa = PBXBuildFile; fileRef = 080A517A2CED74E000EEF898 /* induoAppDelegate.swift */; };
		080A518C2CED9C1000EEF898 /* Podfile in Resources */ = {isa = PBXBuildFile; fileRef = 080A518B2CED9C1000EEF898 /* Podfile */; };
		080A518E2CEDB4A600EEF898 /* AuthenticationViewController.swift in Sources */ = {isa = PBXBuildFile; fileRef = 080A518D2CEDB4A600EEF898 /* AuthenticationViewController.swift */; };
		080A51942CEDBEAD00EEF898 /* AuthenticationView.swift in Sources */ = {isa = PBXBuildFile; fileRef = 080A51932CEDBEAD00EEF898 /* AuthenticationView.swift */; };
		085DF7172CEEAB9E0069452A /* EntryView.swift in Sources */ = {isa = PBXBuildFile; fileRef = 085DF7162CEEAB9E0069452A /* EntryView.swift */; };
		085DF71D2CEEB2EE0069452A /* ClothingImage.swift in Sources */ = {isa = PBXBuildFile; fileRef = 085DF71C2CEEB2EE0069452A /* ClothingImage.swift */; };
		085DF71F2CEEB3460069452A /* InduoClothingImage.swift in Sources */ = {isa = PBXBuildFile; fileRef = 085DF71E2CEEB3460069452A /* InduoClothingImage.swift */; };
		08A7D6762CA4F93900335E44 /* induoApp.swift in Sources */ = {isa = PBXBuildFile; fileRef = 08A7D6752CA4F93900335E44 /* induoApp.swift */; };
		08A7D6782CA4F93900335E44 /* ContentView.swift in Sources */ = {isa = PBXBuildFile; fileRef = 08A7D6772CA4F93900335E44 /* ContentView.swift */; };
		08A7D67A2CA4F93A00335E44 /* Assets.xcassets in Resources */ = {isa = PBXBuildFile; fileRef = 08A7D6792CA4F93A00335E44 /* Assets.xcassets */; };
		08A7D67D2CA4F93A00335E44 /* Preview Assets.xcassets in Resources */ = {isa = PBXBuildFile; fileRef = 08A7D67C2CA4F93A00335E44 /* Preview Assets.xcassets */; };
		08A7D6872CA4F93A00335E44 /* induoTests.swift in Sources */ = {isa = PBXBuildFile; fileRef = 08A7D6862CA4F93A00335E44 /* induoTests.swift */; };
		08A7D6912CA4F93A00335E44 /* induoUITests.swift in Sources */ = {isa = PBXBuildFile; fileRef = 08A7D6902CA4F93A00335E44 /* induoUITests.swift */; };
		08A7D6932CA4F93A00335E44 /* induoUITestsLaunchTests.swift in Sources */ = {isa = PBXBuildFile; fileRef = 08A7D6922CA4F93A00335E44 /* induoUITestsLaunchTests.swift */; };
		8393062A2CDD935D0077221F /* ProfileSetupView.swift in Sources */ = {isa = PBXBuildFile; fileRef = 839306292CDD935D0077221F /* ProfileSetupView.swift */; };
		83B992332CC71D570092E1DF /* HomeView.swift in Sources */ = {isa = PBXBuildFile; fileRef = 83B992322CC71D570092E1DF /* HomeView.swift */; };
		83B992352CC71EF40092E1DF /* ClosetView.swift in Sources */ = {isa = PBXBuildFile; fileRef = 83B992342CC71EF40092E1DF /* ClosetView.swift */; };
		83B992372CC71F2F0092E1DF /* ClothingPopupView.swift in Sources */ = {isa = PBXBuildFile; fileRef = 83B992362CC71F2F0092E1DF /* ClothingPopupView.swift */; };
		83B992392CC720410092E1DF /* UploadClothingView.swift in Sources */ = {isa = PBXBuildFile; fileRef = 83B992382CC720410092E1DF /* UploadClothingView.swift */; };
		83B9923B2CC720A10092E1DF /* ImagePicker.swift in Sources */ = {isa = PBXBuildFile; fileRef = 83B9923A2CC720A10092E1DF /* ImagePicker.swift */; };
		C2CDC2D6E7FD5FB663E8207B /* Pods_induoTests.framework in Frameworks */ = {isa = PBXBuildFile; fileRef = C446F4A54F91E30194CFE8EA /* Pods_induoTests.framework */; };
		D1A3D098C69B123B57AAC462 /* Pods_induo.framework in Frameworks */ = {isa = PBXBuildFile; fileRef = 9518F57B347961B7D50C4524 /* Pods_induo.framework */; };
/* End PBXBuildFile section */

/* Begin PBXContainerItemProxy section */
		08A7D6832CA4F93A00335E44 /* PBXContainerItemProxy */ = {
			isa = PBXContainerItemProxy;
			containerPortal = 08A7D66A2CA4F93900335E44 /* Project object */;
			proxyType = 1;
			remoteGlobalIDString = 08A7D6712CA4F93900335E44;
			remoteInfo = induo;
		};
		08A7D68D2CA4F93A00335E44 /* PBXContainerItemProxy */ = {
			isa = PBXContainerItemProxy;
			containerPortal = 08A7D66A2CA4F93900335E44 /* Project object */;
			proxyType = 1;
			remoteGlobalIDString = 08A7D6712CA4F93900335E44;
			remoteInfo = induo;
		};
/* End PBXContainerItemProxy section */

/* Begin PBXFileReference section */
		053D69AF14FAEF42A5342D1C /* Pods-induoTests.release.xcconfig */ = {isa = PBXFileReference; includeInIndex = 1; lastKnownFileType = text.xcconfig; name = "Pods-induoTests.release.xcconfig"; path = "Target Support Files/Pods-induoTests/Pods-induoTests.release.xcconfig"; sourceTree = "<group>"; };
		080A51752CED6FE900EEF898 /* GoogleService-Info.plist */ = {isa = PBXFileReference; fileEncoding = 4; lastKnownFileType = text.plist.xml; name = "GoogleService-Info.plist"; path = "../../../Desktop/GoogleService-Info.plist"; sourceTree = "<group>"; };
		080A51772CED702A00EEF898 /* InduoAuth.swift */ = {isa = PBXFileReference; lastKnownFileType = sourcecode.swift; path = InduoAuth.swift; sourceTree = "<group>"; };
		080A51792CED706C00EEF898 /* Info.plist */ = {isa = PBXFileReference; lastKnownFileType = text.plist.xml; path = Info.plist; sourceTree = "<group>"; };
		080A517A2CED74E000EEF898 /* induoAppDelegate.swift */ = {isa = PBXFileReference; lastKnownFileType = sourcecode.swift; path = induoAppDelegate.swift; sourceTree = "<group>"; };
		080A518B2CED9C1000EEF898 /* Podfile */ = {isa = PBXFileReference; lastKnownFileType = text; path = Podfile; sourceTree = "<group>"; };
		080A518D2CEDB4A600EEF898 /* AuthenticationViewController.swift */ = {isa = PBXFileReference; lastKnownFileType = sourcecode.swift; path = AuthenticationViewController.swift; sourceTree = "<group>"; };
		080A51932CEDBEAD00EEF898 /* AuthenticationView.swift */ = {isa = PBXFileReference; lastKnownFileType = sourcecode.swift; path = AuthenticationView.swift; sourceTree = "<group>"; };
		085DF70B2CEDC2200069452A /* FirebaseDatabase.framework */ = {isa = PBXFileReference; explicitFileType = wrapper.framework; path = FirebaseDatabase.framework; sourceTree = BUILT_PRODUCTS_DIR; };
		085DF70F2CEDC2400069452A /* FirebaseFirestore.framework */ = {isa = PBXFileReference; explicitFileType = wrapper.framework; path = FirebaseFirestore.framework; sourceTree = BUILT_PRODUCTS_DIR; };
		085DF7162CEEAB9E0069452A /* EntryView.swift */ = {isa = PBXFileReference; lastKnownFileType = sourcecode.swift; path = EntryView.swift; sourceTree = "<group>"; };
		085DF71C2CEEB2EE0069452A /* ClothingImage.swift */ = {isa = PBXFileReference; lastKnownFileType = sourcecode.swift; path = ClothingImage.swift; sourceTree = "<group>"; };
		085DF71E2CEEB3460069452A /* InduoClothingImage.swift */ = {isa = PBXFileReference; lastKnownFileType = sourcecode.swift; path = InduoClothingImage.swift; sourceTree = "<group>"; };
		08A7D6722CA4F93900335E44 /* induo.app */ = {isa = PBXFileReference; explicitFileType = wrapper.application; includeInIndex = 0; path = induo.app; sourceTree = BUILT_PRODUCTS_DIR; };
		08A7D6752CA4F93900335E44 /* induoApp.swift */ = {isa = PBXFileReference; lastKnownFileType = sourcecode.swift; path = induoApp.swift; sourceTree = "<group>"; };
		08A7D6772CA4F93900335E44 /* ContentView.swift */ = {isa = PBXFileReference; lastKnownFileType = sourcecode.swift; path = ContentView.swift; sourceTree = "<group>"; };
		08A7D6792CA4F93A00335E44 /* Assets.xcassets */ = {isa = PBXFileReference; lastKnownFileType = folder.assetcatalog; path = Assets.xcassets; sourceTree = "<group>"; };
		08A7D67C2CA4F93A00335E44 /* Preview Assets.xcassets */ = {isa = PBXFileReference; lastKnownFileType = folder.assetcatalog; path = "Preview Assets.xcassets"; sourceTree = "<group>"; };
		08A7D6822CA4F93A00335E44 /* induoTests.xctest */ = {isa = PBXFileReference; explicitFileType = wrapper.cfbundle; includeInIndex = 0; path = induoTests.xctest; sourceTree = BUILT_PRODUCTS_DIR; };
		08A7D6862CA4F93A00335E44 /* induoTests.swift */ = {isa = PBXFileReference; lastKnownFileType = sourcecode.swift; path = induoTests.swift; sourceTree = "<group>"; };
		08A7D68C2CA4F93A00335E44 /* induoUITests.xctest */ = {isa = PBXFileReference; explicitFileType = wrapper.cfbundle; includeInIndex = 0; path = induoUITests.xctest; sourceTree = BUILT_PRODUCTS_DIR; };
		08A7D6902CA4F93A00335E44 /* induoUITests.swift */ = {isa = PBXFileReference; lastKnownFileType = sourcecode.swift; path = induoUITests.swift; sourceTree = "<group>"; };
		08A7D6922CA4F93A00335E44 /* induoUITestsLaunchTests.swift */ = {isa = PBXFileReference; lastKnownFileType = sourcecode.swift; path = induoUITestsLaunchTests.swift; sourceTree = "<group>"; };
		4E25C22AA8A18900352691EA /* Pods-induoTests.debug.xcconfig */ = {isa = PBXFileReference; includeInIndex = 1; lastKnownFileType = text.xcconfig; name = "Pods-induoTests.debug.xcconfig"; path = "Target Support Files/Pods-induoTests/Pods-induoTests.debug.xcconfig"; sourceTree = "<group>"; };
		7A181616EF4C24D5233DF8F0 /* Pods-induo.debug.xcconfig */ = {isa = PBXFileReference; includeInIndex = 1; lastKnownFileType = text.xcconfig; name = "Pods-induo.debug.xcconfig"; path = "Target Support Files/Pods-induo/Pods-induo.debug.xcconfig"; sourceTree = "<group>"; };
		839306292CDD935D0077221F /* ProfileSetupView.swift */ = {isa = PBXFileReference; lastKnownFileType = sourcecode.swift; path = ProfileSetupView.swift; sourceTree = "<group>"; };
		83B992322CC71D570092E1DF /* HomeView.swift */ = {isa = PBXFileReference; lastKnownFileType = sourcecode.swift; path = HomeView.swift; sourceTree = "<group>"; };
		83B992342CC71EF40092E1DF /* ClosetView.swift */ = {isa = PBXFileReference; lastKnownFileType = sourcecode.swift; path = ClosetView.swift; sourceTree = "<group>"; };
		83B992362CC71F2F0092E1DF /* ClothingPopupView.swift */ = {isa = PBXFileReference; lastKnownFileType = sourcecode.swift; path = ClothingPopupView.swift; sourceTree = "<group>"; };
		83B992382CC720410092E1DF /* UploadClothingView.swift */ = {isa = PBXFileReference; lastKnownFileType = sourcecode.swift; path = UploadClothingView.swift; sourceTree = "<group>"; };
		83B9923A2CC720A10092E1DF /* ImagePicker.swift */ = {isa = PBXFileReference; lastKnownFileType = sourcecode.swift; path = ImagePicker.swift; sourceTree = "<group>"; };
		9518F57B347961B7D50C4524 /* Pods_induo.framework */ = {isa = PBXFileReference; explicitFileType = wrapper.framework; includeInIndex = 0; path = Pods_induo.framework; sourceTree = BUILT_PRODUCTS_DIR; };
		C446F4A54F91E30194CFE8EA /* Pods_induoTests.framework */ = {isa = PBXFileReference; explicitFileType = wrapper.framework; includeInIndex = 0; path = Pods_induoTests.framework; sourceTree = BUILT_PRODUCTS_DIR; };
		E16128A8E12CFBBB0B371CEC /* Pods-induo.release.xcconfig */ = {isa = PBXFileReference; includeInIndex = 1; lastKnownFileType = text.xcconfig; name = "Pods-induo.release.xcconfig"; path = "Target Support Files/Pods-induo/Pods-induo.release.xcconfig"; sourceTree = "<group>"; };
/* End PBXFileReference section */

/* Begin PBXFrameworksBuildPhase section */
		08A7D66F2CA4F93900335E44 /* Frameworks */ = {
			isa = PBXFrameworksBuildPhase;
			buildActionMask = 2147483647;
			files = (
				D1A3D098C69B123B57AAC462 /* Pods_induo.framework in Frameworks */,
			);
			runOnlyForDeploymentPostprocessing = 0;
		};
		08A7D67F2CA4F93A00335E44 /* Frameworks */ = {
			isa = PBXFrameworksBuildPhase;
			buildActionMask = 2147483647;
			files = (
				C2CDC2D6E7FD5FB663E8207B /* Pods_induoTests.framework in Frameworks */,
			);
			runOnlyForDeploymentPostprocessing = 0;
		};
		08A7D6892CA4F93A00335E44 /* Frameworks */ = {
			isa = PBXFrameworksBuildPhase;
			buildActionMask = 2147483647;
			files = (
			);
			runOnlyForDeploymentPostprocessing = 0;
		};
/* End PBXFrameworksBuildPhase section */

/* Begin PBXGroup section */
		080A51662CED6D9300EEF898 /* Service */ = {
			isa = PBXGroup;
			children = (
				080A51772CED702A00EEF898 /* InduoAuth.swift */,
				085DF71E2CEEB3460069452A /* InduoClothingImage.swift */,
			);
			path = Service;
			sourceTree = "<group>";
		};
		085DF7192CEEB1FD0069452A /* Model */ = {
			isa = PBXGroup;
			children = (
				085DF71C2CEEB2EE0069452A /* ClothingImage.swift */,
			);
			path = Model;
			sourceTree = "<group>";
		};
		08A7D6692CA4F93900335E44 = {
			isa = PBXGroup;
			children = (
				08A7D6742CA4F93900335E44 /* induo */,
				08A7D6852CA4F93A00335E44 /* induoTests */,
				08A7D68F2CA4F93A00335E44 /* induoUITests */,
				08A7D6732CA4F93900335E44 /* Products */,
				E1FF768024BB0A1F8D5285AC /* Pods */,
				1E40BFBCA11B53C1B2E8ADF9 /* Frameworks */,
			);
			sourceTree = "<group>";
		};
		08A7D6732CA4F93900335E44 /* Products */ = {
			isa = PBXGroup;
			children = (
				08A7D6722CA4F93900335E44 /* induo.app */,
				08A7D6822CA4F93A00335E44 /* induoTests.xctest */,
				08A7D68C2CA4F93A00335E44 /* induoUITests.xctest */,
			);
			name = Products;
			sourceTree = "<group>";
		};
		08A7D6742CA4F93900335E44 /* induo */ = {
			isa = PBXGroup;
			children = (
				080A51792CED706C00EEF898 /* Info.plist */,
				080A51752CED6FE900EEF898 /* GoogleService-Info.plist */,
				085DF7192CEEB1FD0069452A /* Model */,
				080A51662CED6D9300EEF898 /* Service */,
				08A7D6752CA4F93900335E44 /* induoApp.swift */,
				080A517A2CED74E000EEF898 /* induoAppDelegate.swift */,
				080A518D2CEDB4A600EEF898 /* AuthenticationViewController.swift */,
				085DF7162CEEAB9E0069452A /* EntryView.swift */,
				83B992322CC71D570092E1DF /* HomeView.swift */,
				839306292CDD935D0077221F /* ProfileSetupView.swift */,
				08A7D6772CA4F93900335E44 /* ContentView.swift */,
				83B992342CC71EF40092E1DF /* ClosetView.swift */,
				83B992382CC720410092E1DF /* UploadClothingView.swift */,
				83B9923A2CC720A10092E1DF /* ImagePicker.swift */,
				83B992362CC71F2F0092E1DF /* ClothingPopupView.swift */,
				080A51932CEDBEAD00EEF898 /* AuthenticationView.swift */,
				08A7D6792CA4F93A00335E44 /* Assets.xcassets */,
				08A7D67B2CA4F93A00335E44 /* Preview Content */,
				080A518B2CED9C1000EEF898 /* Podfile */,
			);
			path = induo;
			sourceTree = "<group>";
		};
		08A7D67B2CA4F93A00335E44 /* Preview Content */ = {
			isa = PBXGroup;
			children = (
				08A7D67C2CA4F93A00335E44 /* Preview Assets.xcassets */,
			);
			path = "Preview Content";
			sourceTree = "<group>";
		};
		08A7D6852CA4F93A00335E44 /* induoTests */ = {
			isa = PBXGroup;
			children = (
				08A7D6862CA4F93A00335E44 /* induoTests.swift */,
			);
			path = induoTests;
			sourceTree = "<group>";
		};
		08A7D68F2CA4F93A00335E44 /* induoUITests */ = {
			isa = PBXGroup;
			children = (
				08A7D6902CA4F93A00335E44 /* induoUITests.swift */,
				08A7D6922CA4F93A00335E44 /* induoUITestsLaunchTests.swift */,
			);
			path = induoUITests;
			sourceTree = "<group>";
		};
		1E40BFBCA11B53C1B2E8ADF9 /* Frameworks */ = {
			isa = PBXGroup;
			children = (
				085DF70F2CEDC2400069452A /* FirebaseFirestore.framework */,
				085DF70B2CEDC2200069452A /* FirebaseDatabase.framework */,
				9518F57B347961B7D50C4524 /* Pods_induo.framework */,
				C446F4A54F91E30194CFE8EA /* Pods_induoTests.framework */,
			);
			name = Frameworks;
			sourceTree = "<group>";
		};
		E1FF768024BB0A1F8D5285AC /* Pods */ = {
			isa = PBXGroup;
			children = (
				7A181616EF4C24D5233DF8F0 /* Pods-induo.debug.xcconfig */,
				E16128A8E12CFBBB0B371CEC /* Pods-induo.release.xcconfig */,
				4E25C22AA8A18900352691EA /* Pods-induoTests.debug.xcconfig */,
				053D69AF14FAEF42A5342D1C /* Pods-induoTests.release.xcconfig */,
			);
			name = Pods;
			path = induo/Pods;
			sourceTree = "<group>";
		};
/* End PBXGroup section */

/* Begin PBXNativeTarget section */
		08A7D6712CA4F93900335E44 /* induo */ = {
			isa = PBXNativeTarget;
			buildConfigurationList = 08A7D6962CA4F93A00335E44 /* Build configuration list for PBXNativeTarget "induo" */;
			buildPhases = (
				E18AB5B7C87219A501936D9F /* [CP] Check Pods Manifest.lock */,
				08A7D66E2CA4F93900335E44 /* Sources */,
				08A7D66F2CA4F93900335E44 /* Frameworks */,
				08A7D6702CA4F93900335E44 /* Resources */,
				2F04CFDDAC6945D4F4AC1DE5 /* [CP] Embed Pods Frameworks */,
			);
			buildRules = (
			);
			dependencies = (
			);
			name = induo;
			productName = induo;
			productReference = 08A7D6722CA4F93900335E44 /* induo.app */;
			productType = "com.apple.product-type.application";
		};
		08A7D6812CA4F93A00335E44 /* induoTests */ = {
			isa = PBXNativeTarget;
			buildConfigurationList = 08A7D6992CA4F93A00335E44 /* Build configuration list for PBXNativeTarget "induoTests" */;
			buildPhases = (
				4C7603F6A08313DD8B2541E7 /* [CP] Check Pods Manifest.lock */,
				08A7D67E2CA4F93A00335E44 /* Sources */,
				08A7D67F2CA4F93A00335E44 /* Frameworks */,
				08A7D6802CA4F93A00335E44 /* Resources */,
				59D9FC810C7A9FF7414A422F /* [CP] Embed Pods Frameworks */,
			);
			buildRules = (
			);
			dependencies = (
				08A7D6842CA4F93A00335E44 /* PBXTargetDependency */,
			);
			name = induoTests;
			packageProductDependencies = (
			);
			productName = induoTests;
			productReference = 08A7D6822CA4F93A00335E44 /* induoTests.xctest */;
			productType = "com.apple.product-type.bundle.unit-test";
		};
		08A7D68B2CA4F93A00335E44 /* induoUITests */ = {
			isa = PBXNativeTarget;
			buildConfigurationList = 08A7D69C2CA4F93A00335E44 /* Build configuration list for PBXNativeTarget "induoUITests" */;
			buildPhases = (
				08A7D6882CA4F93A00335E44 /* Sources */,
				08A7D6892CA4F93A00335E44 /* Frameworks */,
				08A7D68A2CA4F93A00335E44 /* Resources */,
			);
			buildRules = (
			);
			dependencies = (
				08A7D68E2CA4F93A00335E44 /* PBXTargetDependency */,
			);
			name = induoUITests;
			productName = induoUITests;
			productReference = 08A7D68C2CA4F93A00335E44 /* induoUITests.xctest */;
			productType = "com.apple.product-type.bundle.ui-testing";
		};
/* End PBXNativeTarget section */

/* Begin PBXProject section */
		08A7D66A2CA4F93900335E44 /* Project object */ = {
			isa = PBXProject;
			attributes = {
				BuildIndependentTargetsInParallel = 1;
				LastSwiftUpdateCheck = 1540;
				LastUpgradeCheck = 1540;
				TargetAttributes = {
					08A7D6712CA4F93900335E44 = {
						CreatedOnToolsVersion = 15.4;
					};
					08A7D6812CA4F93A00335E44 = {
						CreatedOnToolsVersion = 15.4;
						TestTargetID = 08A7D6712CA4F93900335E44;
					};
					08A7D68B2CA4F93A00335E44 = {
						CreatedOnToolsVersion = 15.4;
						TestTargetID = 08A7D6712CA4F93900335E44;
					};
				};
			};
			buildConfigurationList = 08A7D66D2CA4F93900335E44 /* Build configuration list for PBXProject "induo" */;
			compatibilityVersion = "Xcode 14.0";
			developmentRegion = en;
			hasScannedForEncodings = 0;
			knownRegions = (
				en,
				Base,
			);
			mainGroup = 08A7D6692CA4F93900335E44;
			packageReferences = (
				080A517E2CED992E00EEF898 /* XCRemoteSwiftPackageReference "firebase-ios-sdk" */,
			);
			productRefGroup = 08A7D6732CA4F93900335E44 /* Products */;
			projectDirPath = "";
			projectRoot = "";
			targets = (
				08A7D6712CA4F93900335E44 /* induo */,
				08A7D6812CA4F93A00335E44 /* induoTests */,
				08A7D68B2CA4F93A00335E44 /* induoUITests */,
			);
		};
/* End PBXProject section */

/* Begin PBXResourcesBuildPhase section */
		08A7D6702CA4F93900335E44 /* Resources */ = {
			isa = PBXResourcesBuildPhase;
			buildActionMask = 2147483647;
			files = (
				08A7D67D2CA4F93A00335E44 /* Preview Assets.xcassets in Resources */,
				08A7D67A2CA4F93A00335E44 /* Assets.xcassets in Resources */,
				080A518C2CED9C1000EEF898 /* Podfile in Resources */,
				080A51762CED6FE900EEF898 /* GoogleService-Info.plist in Resources */,
			);
			runOnlyForDeploymentPostprocessing = 0;
		};
		08A7D6802CA4F93A00335E44 /* Resources */ = {
			isa = PBXResourcesBuildPhase;
			buildActionMask = 2147483647;
			files = (
			);
			runOnlyForDeploymentPostprocessing = 0;
		};
		08A7D68A2CA4F93A00335E44 /* Resources */ = {
			isa = PBXResourcesBuildPhase;
			buildActionMask = 2147483647;
			files = (
			);
			runOnlyForDeploymentPostprocessing = 0;
		};
/* End PBXResourcesBuildPhase section */

/* Begin PBXShellScriptBuildPhase section */
		2F04CFDDAC6945D4F4AC1DE5 /* [CP] Embed Pods Frameworks */ = {
			isa = PBXShellScriptBuildPhase;
			buildActionMask = 2147483647;
			files = (
			);
			inputFileListPaths = (
				"${PODS_ROOT}/Target Support Files/Pods-induo/Pods-induo-frameworks-${CONFIGURATION}-input-files.xcfilelist",
			);
			name = "[CP] Embed Pods Frameworks";
			outputFileListPaths = (
				"${PODS_ROOT}/Target Support Files/Pods-induo/Pods-induo-frameworks-${CONFIGURATION}-output-files.xcfilelist",
			);
			runOnlyForDeploymentPostprocessing = 0;
			shellPath = /bin/sh;
			shellScript = "\"${PODS_ROOT}/Target Support Files/Pods-induo/Pods-induo-frameworks.sh\"\n";
			showEnvVarsInLog = 0;
		};
		4C7603F6A08313DD8B2541E7 /* [CP] Check Pods Manifest.lock */ = {
			isa = PBXShellScriptBuildPhase;
			buildActionMask = 2147483647;
			files = (
			);
			inputFileListPaths = (
			);
			inputPaths = (
				"${PODS_PODFILE_DIR_PATH}/Podfile.lock",
				"${PODS_ROOT}/Manifest.lock",
			);
			name = "[CP] Check Pods Manifest.lock";
			outputFileListPaths = (
			);
			outputPaths = (
				"$(DERIVED_FILE_DIR)/Pods-induoTests-checkManifestLockResult.txt",
			);
			runOnlyForDeploymentPostprocessing = 0;
			shellPath = /bin/sh;
			shellScript = "diff \"${PODS_PODFILE_DIR_PATH}/Podfile.lock\" \"${PODS_ROOT}/Manifest.lock\" > /dev/null\nif [ $? != 0 ] ; then\n    # print error to STDERR\n    echo \"error: The sandbox is not in sync with the Podfile.lock. Run 'pod install' or update your CocoaPods installation.\" >&2\n    exit 1\nfi\n# This output is used by Xcode 'outputs' to avoid re-running this script phase.\necho \"SUCCESS\" > \"${SCRIPT_OUTPUT_FILE_0}\"\n";
			showEnvVarsInLog = 0;
		};
		59D9FC810C7A9FF7414A422F /* [CP] Embed Pods Frameworks */ = {
			isa = PBXShellScriptBuildPhase;
			buildActionMask = 2147483647;
			files = (
			);
			inputFileListPaths = (
				"${PODS_ROOT}/Target Support Files/Pods-induoTests/Pods-induoTests-frameworks-${CONFIGURATION}-input-files.xcfilelist",
			);
			name = "[CP] Embed Pods Frameworks";
			outputFileListPaths = (
				"${PODS_ROOT}/Target Support Files/Pods-induoTests/Pods-induoTests-frameworks-${CONFIGURATION}-output-files.xcfilelist",
			);
			runOnlyForDeploymentPostprocessing = 0;
			shellPath = /bin/sh;
			shellScript = "\"${PODS_ROOT}/Target Support Files/Pods-induoTests/Pods-induoTests-frameworks.sh\"\n";
			showEnvVarsInLog = 0;
		};
		E18AB5B7C87219A501936D9F /* [CP] Check Pods Manifest.lock */ = {
			isa = PBXShellScriptBuildPhase;
			buildActionMask = 2147483647;
			files = (
			);
			inputFileListPaths = (
			);
			inputPaths = (
				"${PODS_PODFILE_DIR_PATH}/Podfile.lock",
				"${PODS_ROOT}/Manifest.lock",
			);
			name = "[CP] Check Pods Manifest.lock";
			outputFileListPaths = (
			);
			outputPaths = (
				"$(DERIVED_FILE_DIR)/Pods-induo-checkManifestLockResult.txt",
			);
			runOnlyForDeploymentPostprocessing = 0;
			shellPath = /bin/sh;
			shellScript = "diff \"${PODS_PODFILE_DIR_PATH}/Podfile.lock\" \"${PODS_ROOT}/Manifest.lock\" > /dev/null\nif [ $? != 0 ] ; then\n    # print error to STDERR\n    echo \"error: The sandbox is not in sync with the Podfile.lock. Run 'pod install' or update your CocoaPods installation.\" >&2\n    exit 1\nfi\n# This output is used by Xcode 'outputs' to avoid re-running this script phase.\necho \"SUCCESS\" > \"${SCRIPT_OUTPUT_FILE_0}\"\n";
			showEnvVarsInLog = 0;
		};
/* End PBXShellScriptBuildPhase section */

/* Begin PBXSourcesBuildPhase section */
		08A7D66E2CA4F93900335E44 /* Sources */ = {
			isa = PBXSourcesBuildPhase;
			buildActionMask = 2147483647;
			files = (
				83B992372CC71F2F0092E1DF /* ClothingPopupView.swift in Sources */,
				085DF71F2CEEB3460069452A /* InduoClothingImage.swift in Sources */,
				085DF7172CEEAB9E0069452A /* EntryView.swift in Sources */,
				080A51782CED702A00EEF898 /* InduoAuth.swift in Sources */,
				080A51942CEDBEAD00EEF898 /* AuthenticationView.swift in Sources */,
				080A517B2CED74E000EEF898 /* induoAppDelegate.swift in Sources */,
				83B992392CC720410092E1DF /* UploadClothingView.swift in Sources */,
				83B992352CC71EF40092E1DF /* ClosetView.swift in Sources */,
				83B9923B2CC720A10092E1DF /* ImagePicker.swift in Sources */,
				080A518E2CEDB4A600EEF898 /* AuthenticationViewController.swift in Sources */,
				83B992332CC71D570092E1DF /* HomeView.swift in Sources */,
				08A7D6782CA4F93900335E44 /* ContentView.swift in Sources */,
				8393062A2CDD935D0077221F /* ProfileSetupView.swift in Sources */,
				08A7D6762CA4F93900335E44 /* induoApp.swift in Sources */,
				085DF71D2CEEB2EE0069452A /* ClothingImage.swift in Sources */,
			);
			runOnlyForDeploymentPostprocessing = 0;
		};
		08A7D67E2CA4F93A00335E44 /* Sources */ = {
			isa = PBXSourcesBuildPhase;
			buildActionMask = 2147483647;
			files = (
				08A7D6872CA4F93A00335E44 /* induoTests.swift in Sources */,
			);
			runOnlyForDeploymentPostprocessing = 0;
		};
		08A7D6882CA4F93A00335E44 /* Sources */ = {
			isa = PBXSourcesBuildPhase;
			buildActionMask = 2147483647;
			files = (
				08A7D6932CA4F93A00335E44 /* induoUITestsLaunchTests.swift in Sources */,
				08A7D6912CA4F93A00335E44 /* induoUITests.swift in Sources */,
			);
			runOnlyForDeploymentPostprocessing = 0;
		};
/* End PBXSourcesBuildPhase section */

/* Begin PBXTargetDependency section */
		08A7D6842CA4F93A00335E44 /* PBXTargetDependency */ = {
			isa = PBXTargetDependency;
			target = 08A7D6712CA4F93900335E44 /* induo */;
			targetProxy = 08A7D6832CA4F93A00335E44 /* PBXContainerItemProxy */;
		};
		08A7D68E2CA4F93A00335E44 /* PBXTargetDependency */ = {
			isa = PBXTargetDependency;
			target = 08A7D6712CA4F93900335E44 /* induo */;
			targetProxy = 08A7D68D2CA4F93A00335E44 /* PBXContainerItemProxy */;
		};
/* End PBXTargetDependency section */

/* Begin XCBuildConfiguration section */
		08A7D6942CA4F93A00335E44 /* Debug */ = {
			isa = XCBuildConfiguration;
			buildSettings = {
				ALWAYS_SEARCH_USER_PATHS = NO;
				ASSETCATALOG_COMPILER_GENERATE_SWIFT_ASSET_SYMBOL_EXTENSIONS = YES;
				CLANG_ANALYZER_NONNULL = YES;
				CLANG_ANALYZER_NUMBER_OBJECT_CONVERSION = YES_AGGRESSIVE;
				CLANG_CXX_LANGUAGE_STANDARD = "gnu++20";
				CLANG_ENABLE_MODULES = YES;
				CLANG_ENABLE_OBJC_ARC = YES;
				CLANG_ENABLE_OBJC_WEAK = YES;
				CLANG_WARN_BLOCK_CAPTURE_AUTORELEASING = YES;
				CLANG_WARN_BOOL_CONVERSION = YES;
				CLANG_WARN_COMMA = YES;
				CLANG_WARN_CONSTANT_CONVERSION = YES;
				CLANG_WARN_DEPRECATED_OBJC_IMPLEMENTATIONS = YES;
				CLANG_WARN_DIRECT_OBJC_ISA_USAGE = YES_ERROR;
				CLANG_WARN_DOCUMENTATION_COMMENTS = YES;
				CLANG_WARN_EMPTY_BODY = YES;
				CLANG_WARN_ENUM_CONVERSION = YES;
				CLANG_WARN_INFINITE_RECURSION = YES;
				CLANG_WARN_INT_CONVERSION = YES;
				CLANG_WARN_NON_LITERAL_NULL_CONVERSION = YES;
				CLANG_WARN_OBJC_IMPLICIT_RETAIN_SELF = YES;
				CLANG_WARN_OBJC_LITERAL_CONVERSION = YES;
				CLANG_WARN_OBJC_ROOT_CLASS = YES_ERROR;
				CLANG_WARN_QUOTED_INCLUDE_IN_FRAMEWORK_HEADER = YES;
				CLANG_WARN_RANGE_LOOP_ANALYSIS = YES;
				CLANG_WARN_STRICT_PROTOTYPES = YES;
				CLANG_WARN_SUSPICIOUS_MOVE = YES;
				CLANG_WARN_UNGUARDED_AVAILABILITY = YES_AGGRESSIVE;
				CLANG_WARN_UNREACHABLE_CODE = YES;
				CLANG_WARN__DUPLICATE_METHOD_MATCH = YES;
				COPY_PHASE_STRIP = NO;
				DEBUG_INFORMATION_FORMAT = dwarf;
				ENABLE_STRICT_OBJC_MSGSEND = YES;
				ENABLE_TESTABILITY = YES;
				ENABLE_USER_SCRIPT_SANDBOXING = YES;
				GCC_C_LANGUAGE_STANDARD = gnu17;
				GCC_DYNAMIC_NO_PIC = NO;
				GCC_NO_COMMON_BLOCKS = YES;
				GCC_OPTIMIZATION_LEVEL = 0;
				GCC_PREPROCESSOR_DEFINITIONS = (
					"DEBUG=1",
					"$(inherited)",
				);
				GCC_WARN_64_TO_32_BIT_CONVERSION = YES;
				GCC_WARN_ABOUT_RETURN_TYPE = YES_ERROR;
				GCC_WARN_UNDECLARED_SELECTOR = YES;
				GCC_WARN_UNINITIALIZED_AUTOS = YES_AGGRESSIVE;
				GCC_WARN_UNUSED_FUNCTION = YES;
				GCC_WARN_UNUSED_VARIABLE = YES;
				IPHONEOS_DEPLOYMENT_TARGET = 17.5;
				LOCALIZATION_PREFERS_STRING_CATALOGS = YES;
				MTL_ENABLE_DEBUG_INFO = INCLUDE_SOURCE;
				MTL_FAST_MATH = YES;
				ONLY_ACTIVE_ARCH = YES;
				SDKROOT = iphoneos;
				SWIFT_ACTIVE_COMPILATION_CONDITIONS = "DEBUG $(inherited)";
				SWIFT_OPTIMIZATION_LEVEL = "-Onone";
			};
			name = Debug;
		};
		08A7D6952CA4F93A00335E44 /* Release */ = {
			isa = XCBuildConfiguration;
			buildSettings = {
				ALWAYS_SEARCH_USER_PATHS = NO;
				ASSETCATALOG_COMPILER_GENERATE_SWIFT_ASSET_SYMBOL_EXTENSIONS = YES;
				CLANG_ANALYZER_NONNULL = YES;
				CLANG_ANALYZER_NUMBER_OBJECT_CONVERSION = YES_AGGRESSIVE;
				CLANG_CXX_LANGUAGE_STANDARD = "gnu++20";
				CLANG_ENABLE_MODULES = YES;
				CLANG_ENABLE_OBJC_ARC = YES;
				CLANG_ENABLE_OBJC_WEAK = YES;
				CLANG_WARN_BLOCK_CAPTURE_AUTORELEASING = YES;
				CLANG_WARN_BOOL_CONVERSION = YES;
				CLANG_WARN_COMMA = YES;
				CLANG_WARN_CONSTANT_CONVERSION = YES;
				CLANG_WARN_DEPRECATED_OBJC_IMPLEMENTATIONS = YES;
				CLANG_WARN_DIRECT_OBJC_ISA_USAGE = YES_ERROR;
				CLANG_WARN_DOCUMENTATION_COMMENTS = YES;
				CLANG_WARN_EMPTY_BODY = YES;
				CLANG_WARN_ENUM_CONVERSION = YES;
				CLANG_WARN_INFINITE_RECURSION = YES;
				CLANG_WARN_INT_CONVERSION = YES;
				CLANG_WARN_NON_LITERAL_NULL_CONVERSION = YES;
				CLANG_WARN_OBJC_IMPLICIT_RETAIN_SELF = YES;
				CLANG_WARN_OBJC_LITERAL_CONVERSION = YES;
				CLANG_WARN_OBJC_ROOT_CLASS = YES_ERROR;
				CLANG_WARN_QUOTED_INCLUDE_IN_FRAMEWORK_HEADER = YES;
				CLANG_WARN_RANGE_LOOP_ANALYSIS = YES;
				CLANG_WARN_STRICT_PROTOTYPES = YES;
				CLANG_WARN_SUSPICIOUS_MOVE = YES;
				CLANG_WARN_UNGUARDED_AVAILABILITY = YES_AGGRESSIVE;
				CLANG_WARN_UNREACHABLE_CODE = YES;
				CLANG_WARN__DUPLICATE_METHOD_MATCH = YES;
				COPY_PHASE_STRIP = NO;
				DEBUG_INFORMATION_FORMAT = "dwarf-with-dsym";
				ENABLE_NS_ASSERTIONS = NO;
				ENABLE_STRICT_OBJC_MSGSEND = YES;
				ENABLE_USER_SCRIPT_SANDBOXING = YES;
				GCC_C_LANGUAGE_STANDARD = gnu17;
				GCC_NO_COMMON_BLOCKS = YES;
				GCC_WARN_64_TO_32_BIT_CONVERSION = YES;
				GCC_WARN_ABOUT_RETURN_TYPE = YES_ERROR;
				GCC_WARN_UNDECLARED_SELECTOR = YES;
				GCC_WARN_UNINITIALIZED_AUTOS = YES_AGGRESSIVE;
				GCC_WARN_UNUSED_FUNCTION = YES;
				GCC_WARN_UNUSED_VARIABLE = YES;
				IPHONEOS_DEPLOYMENT_TARGET = 17.5;
				LOCALIZATION_PREFERS_STRING_CATALOGS = YES;
				MTL_ENABLE_DEBUG_INFO = NO;
				MTL_FAST_MATH = YES;
				SDKROOT = iphoneos;
				SWIFT_COMPILATION_MODE = wholemodule;
				VALIDATE_PRODUCT = YES;
			};
			name = Release;
		};
		08A7D6972CA4F93A00335E44 /* Debug */ = {
			isa = XCBuildConfiguration;
			baseConfigurationReference = 7A181616EF4C24D5233DF8F0 /* Pods-induo.debug.xcconfig */;
			buildSettings = {
				ASSETCATALOG_COMPILER_APPICON_NAME = AppIcon;
				ASSETCATALOG_COMPILER_GLOBAL_ACCENT_COLOR_NAME = AccentColor;
				CODE_SIGN_STYLE = Automatic;
				CURRENT_PROJECT_VERSION = 1;
				DEVELOPMENT_ASSET_PATHS = "\"induo/Preview Content\"";
				DEVELOPMENT_TEAM = P38P56W228;
				ENABLE_PREVIEWS = YES;
				ENABLE_USER_SCRIPT_SANDBOXING = NO;
				GENERATE_INFOPLIST_FILE = YES;
				INFOPLIST_FILE = induo/Info.plist;
				INFOPLIST_KEY_UIApplicationSceneManifest_Generation = YES;
				INFOPLIST_KEY_UIApplicationSupportsIndirectInputEvents = YES;
				INFOPLIST_KEY_UILaunchScreen_Generation = YES;
				INFOPLIST_KEY_UISupportedInterfaceOrientations_iPad = "UIInterfaceOrientationPortrait UIInterfaceOrientationPortraitUpsideDown UIInterfaceOrientationLandscapeLeft UIInterfaceOrientationLandscapeRight";
				INFOPLIST_KEY_UISupportedInterfaceOrientations_iPhone = "UIInterfaceOrientationPortrait UIInterfaceOrientationLandscapeLeft UIInterfaceOrientationLandscapeRight";
				IPHONEOS_DEPLOYMENT_TARGET = 17.0;
				LD_RUNPATH_SEARCH_PATHS = (
					"$(inherited)",
					"@executable_path/Frameworks",
				);
				MARKETING_VERSION = 1.0;
				"OTHER_LDFLAGS[arch=*]" = "-ObjC";
				PRODUCT_BUNDLE_IDENTIFIER = com.lmu;
				PRODUCT_NAME = "$(TARGET_NAME)";
				SWIFT_EMIT_LOC_STRINGS = YES;
				SWIFT_VERSION = 5.0;
				TARGETED_DEVICE_FAMILY = "1,2";
			};
			name = Debug;
		};
		08A7D6982CA4F93A00335E44 /* Release */ = {
			isa = XCBuildConfiguration;
			baseConfigurationReference = E16128A8E12CFBBB0B371CEC /* Pods-induo.release.xcconfig */;
			buildSettings = {
				ASSETCATALOG_COMPILER_APPICON_NAME = AppIcon;
				ASSETCATALOG_COMPILER_GLOBAL_ACCENT_COLOR_NAME = AccentColor;
				CODE_SIGN_STYLE = Automatic;
				CURRENT_PROJECT_VERSION = 1;
				DEVELOPMENT_ASSET_PATHS = "\"induo/Preview Content\"";
				DEVELOPMENT_TEAM = P38P56W228;
				ENABLE_PREVIEWS = YES;
				ENABLE_USER_SCRIPT_SANDBOXING = NO;
				GENERATE_INFOPLIST_FILE = YES;
				INFOPLIST_FILE = induo/Info.plist;
				INFOPLIST_KEY_UIApplicationSceneManifest_Generation = YES;
				INFOPLIST_KEY_UIApplicationSupportsIndirectInputEvents = YES;
				INFOPLIST_KEY_UILaunchScreen_Generation = YES;
				INFOPLIST_KEY_UISupportedInterfaceOrientations_iPad = "UIInterfaceOrientationPortrait UIInterfaceOrientationPortraitUpsideDown UIInterfaceOrientationLandscapeLeft UIInterfaceOrientationLandscapeRight";
				INFOPLIST_KEY_UISupportedInterfaceOrientations_iPhone = "UIInterfaceOrientationPortrait UIInterfaceOrientationLandscapeLeft UIInterfaceOrientationLandscapeRight";
				IPHONEOS_DEPLOYMENT_TARGET = 17.0;
				LD_RUNPATH_SEARCH_PATHS = (
					"$(inherited)",
					"@executable_path/Frameworks",
				);
				MARKETING_VERSION = 1.0;
				"OTHER_LDFLAGS[arch=*]" = "-ObjC";
				PRODUCT_BUNDLE_IDENTIFIER = com.lmu;
				PRODUCT_NAME = "$(TARGET_NAME)";
				SWIFT_EMIT_LOC_STRINGS = YES;
				SWIFT_VERSION = 5.0;
				TARGETED_DEVICE_FAMILY = "1,2";
			};
			name = Release;
		};
		08A7D69A2CA4F93A00335E44 /* Debug */ = {
			isa = XCBuildConfiguration;
			baseConfigurationReference = 4E25C22AA8A18900352691EA /* Pods-induoTests.debug.xcconfig */;
			buildSettings = {
				ALWAYS_EMBED_SWIFT_STANDARD_LIBRARIES = YES;
				BUNDLE_LOADER = "$(TEST_HOST)";
				CODE_SIGN_STYLE = Automatic;
				CURRENT_PROJECT_VERSION = 1;
				ENABLE_USER_SCRIPT_SANDBOXING = NO;
				GENERATE_INFOPLIST_FILE = YES;
				IPHONEOS_DEPLOYMENT_TARGET = 17.5;
				MARKETING_VERSION = 1.0;
				PRODUCT_BUNDLE_IDENTIFIER = lmu.induoTests;
				PRODUCT_NAME = "$(TARGET_NAME)";
				SWIFT_EMIT_LOC_STRINGS = NO;
				SWIFT_VERSION = 5.0;
				TARGETED_DEVICE_FAMILY = "1,2";
				TEST_HOST = "$(BUILT_PRODUCTS_DIR)/induo.app/$(BUNDLE_EXECUTABLE_FOLDER_PATH)/induo";
			};
			name = Debug;
		};
		08A7D69B2CA4F93A00335E44 /* Release */ = {
			isa = XCBuildConfiguration;
			baseConfigurationReference = 053D69AF14FAEF42A5342D1C /* Pods-induoTests.release.xcconfig */;
			buildSettings = {
				ALWAYS_EMBED_SWIFT_STANDARD_LIBRARIES = YES;
				BUNDLE_LOADER = "$(TEST_HOST)";
				CODE_SIGN_STYLE = Automatic;
				CURRENT_PROJECT_VERSION = 1;
				ENABLE_USER_SCRIPT_SANDBOXING = NO;
				GENERATE_INFOPLIST_FILE = YES;
				IPHONEOS_DEPLOYMENT_TARGET = 17.5;
				MARKETING_VERSION = 1.0;
				PRODUCT_BUNDLE_IDENTIFIER = lmu.induoTests;
				PRODUCT_NAME = "$(TARGET_NAME)";
				SWIFT_EMIT_LOC_STRINGS = NO;
				SWIFT_VERSION = 5.0;
				TARGETED_DEVICE_FAMILY = "1,2";
				TEST_HOST = "$(BUILT_PRODUCTS_DIR)/induo.app/$(BUNDLE_EXECUTABLE_FOLDER_PATH)/induo";
			};
			name = Release;
		};
		08A7D69D2CA4F93A00335E44 /* Debug */ = {
			isa = XCBuildConfiguration;
			buildSettings = {
				ALWAYS_EMBED_SWIFT_STANDARD_LIBRARIES = YES;
				CODE_SIGN_STYLE = Automatic;
				CURRENT_PROJECT_VERSION = 1;
				GENERATE_INFOPLIST_FILE = YES;
				MARKETING_VERSION = 1.0;
				PRODUCT_BUNDLE_IDENTIFIER = lmu.induoUITests;
				PRODUCT_NAME = "$(TARGET_NAME)";
				SWIFT_EMIT_LOC_STRINGS = NO;
				SWIFT_VERSION = 5.0;
				TARGETED_DEVICE_FAMILY = "1,2";
				TEST_TARGET_NAME = induo;
			};
			name = Debug;
		};
		08A7D69E2CA4F93A00335E44 /* Release */ = {
			isa = XCBuildConfiguration;
			buildSettings = {
				ALWAYS_EMBED_SWIFT_STANDARD_LIBRARIES = YES;
				CODE_SIGN_STYLE = Automatic;
				CURRENT_PROJECT_VERSION = 1;
				GENERATE_INFOPLIST_FILE = YES;
				MARKETING_VERSION = 1.0;
				PRODUCT_BUNDLE_IDENTIFIER = lmu.induoUITests;
				PRODUCT_NAME = "$(TARGET_NAME)";
				SWIFT_EMIT_LOC_STRINGS = NO;
				SWIFT_VERSION = 5.0;
				TARGETED_DEVICE_FAMILY = "1,2";
				TEST_TARGET_NAME = induo;
			};
			name = Release;
		};
/* End XCBuildConfiguration section */

/* Begin XCConfigurationList section */
		08A7D66D2CA4F93900335E44 /* Build configuration list for PBXProject "induo" */ = {
			isa = XCConfigurationList;
			buildConfigurations = (
				08A7D6942CA4F93A00335E44 /* Debug */,
				08A7D6952CA4F93A00335E44 /* Release */,
			);
			defaultConfigurationIsVisible = 0;
			defaultConfigurationName = Release;
		};
		08A7D6962CA4F93A00335E44 /* Build configuration list for PBXNativeTarget "induo" */ = {
			isa = XCConfigurationList;
			buildConfigurations = (
				08A7D6972CA4F93A00335E44 /* Debug */,
				08A7D6982CA4F93A00335E44 /* Release */,
			);
			defaultConfigurationIsVisible = 0;
			defaultConfigurationName = Release;
		};
		08A7D6992CA4F93A00335E44 /* Build configuration list for PBXNativeTarget "induoTests" */ = {
			isa = XCConfigurationList;
			buildConfigurations = (
				08A7D69A2CA4F93A00335E44 /* Debug */,
				08A7D69B2CA4F93A00335E44 /* Release */,
			);
			defaultConfigurationIsVisible = 0;
			defaultConfigurationName = Release;
		};
		08A7D69C2CA4F93A00335E44 /* Build configuration list for PBXNativeTarget "induoUITests" */ = {
			isa = XCConfigurationList;
			buildConfigurations = (
				08A7D69D2CA4F93A00335E44 /* Debug */,
				08A7D69E2CA4F93A00335E44 /* Release */,
			);
			defaultConfigurationIsVisible = 0;
			defaultConfigurationName = Release;
		};
/* End XCConfigurationList section */

/* Begin XCRemoteSwiftPackageReference section */
		080A517E2CED992E00EEF898 /* XCRemoteSwiftPackageReference "firebase-ios-sdk" */ = {
			isa = XCRemoteSwiftPackageReference;
			repositoryURL = "https://github.com/firebase/firebase-ios-sdk.git";
			requirement = {
				kind = upToNextMajorVersion;
				minimumVersion = 11.5.0;
			};
		};
/* End XCRemoteSwiftPackageReference section */
	};
	rootObject = 08A7D66A2CA4F93900335E44 /* Project object */;
}
